
Microsoft Visual Studio Solution File, Format Version 12.00
# Visual Studio Version 16
VisualStudioVersion = 16.0.29409.12
MinimumVisualStudioVersion = 10.0.40219.1
Project("{FAE04EC0-301F-11D3-BF4B-00C04F79EFBC}") = "Goodwitch", "Goodwitch\Goodwitch.csproj", "{200C2B9B-3A0A-4679-A098-9BBABE50581E}"
EndProject
Project("{FAE04EC0-301F-11D3-BF4B-00C04F79EFBC}") = "GWTest", "GWTest\GWTest.csproj", "{437E5E92-6CCB-459A-B965-8FAD7D664009}"
EndProject
Global
	GlobalSection(SolutionConfigurationPlatforms) = preSolution
		Debug|Any CPU = Debug|Any CPU
		Release|Any CPU = Release|Any CPU
	EndGlobalSection
	GlobalSection(ProjectConfigurationPlatforms) = postSolution
		{200C2B9B-3A0A-4679-A098-9BBABE50581E}.Debug|Any CPU.ActiveCfg = Debug|Any CPU
		{200C2B9B-3A0A-4679-A098-9BBABE50581E}.Debug|Any CPU.Build.0 = Debug|Any CPU
		{200C2B9B-3A0A-4679-A098-9BBABE50581E}.Release|Any CPU.ActiveCfg = Release|Any CPU
		{200C2B9B-3A0A-4679-A098-9BBABE50581E}.Release|Any CPU.Build.0 = Release|Any CPU
		{437E5E92-6CCB-459A-B965-8FAD7D664009}.Debug|Any CPU.ActiveCfg = Debug|Any CPU
		{437E5E92-6CCB-459A-B965-8FAD7D664009}.Debug|Any CPU.Build.0 = Debug|Any CPU
		{437E5E92-6CCB-459A-B965-8FAD7D664009}.Release|Any CPU.ActiveCfg = Release|Any CPU
		{437E5E92-6CCB-459A-B965-8FAD7D664009}.Release|Any CPU.Build.0 = Release|Any CPU
	EndGlobalSection
	GlobalSection(SolutionProperties) = preSolution
		HideSolutionNode = FALSE
	EndGlobalSection
	GlobalSection(ExtensibilityGlobals) = postSolution
		SolutionGuid = {BAD44107-CC5F-47C7-BE2F-FF44D6E2F6C8}
	EndGlobalSection
EndGlobal
