
Microsoft Visual Studio Solution File, Format Version 12.00
# Visual Studio Version 16
VisualStudioVersion = 16.0.29409.12
MinimumVisualStudioVersion = 10.0.40219.1
Project("{FAE04EC0-301F-11D3-BF4B-00C04F79EFBC}") = "Goodwitch", "Goodwitch\Goodwitch.csproj", "{200C2B9B-3A0A-4679-A098-9BBABE50581E}"
EndProject
Project("{FAE04EC0-301F-11D3-BF4B-00C04F79EFBC}") = "Goodwitch.Server", "Goodwitch.Server\Goodwitch.Server.csproj", "{157A675B-F5D7-4DF6-84C9-5072AD65698E}"
EndProject
Project("{FAE04EC0-301F-11D3-BF4B-00C04F79EFBC}") = "SpaceInvaders", "SpaceInvaders\SpaceInvaders\SpaceInvaders.csproj", "{69B362D3-BCBB-4F16-9E07-BC1045FFC229}"
EndProject
Project("{FAE04EC0-301F-11D3-BF4B-00C04F79EFBC}") = "CheatDetectionDemo", "CheatDetectionDemo\CheatDetectionDemo.csproj", "{6BEAA0D3-B402-498D-91D7-4BBA9C5D9974}"
EndProject
Project("{FAE04EC0-301F-11D3-BF4B-00C04F79EFBC}") = "CheatAssembly", "CheatAssembly\CheatAssembly.csproj", "{FBA72327-38EB-4A9B-AC3E-64E7ACAE3F47}"
EndProject
Project("{FAE04EC0-301F-11D3-BF4B-00C04F79EFBC}") = "CheatProcess", "CheatProcess\CheatProcess.csproj", "{A3D3B1A9-9CA0-4038-9E36-C315005D0A8A}"
EndProject
Global
	GlobalSection(SolutionConfigurationPlatforms) = preSolution
		Debug|Any CPU = Debug|Any CPU
		Debug|x64 = Debug|x64
		Debug|x86 = Debug|x86
		Release|Any CPU = Release|Any CPU
		Release|x64 = Release|x64
		Release|x86 = Release|x86
	EndGlobalSection
	GlobalSection(ProjectConfigurationPlatforms) = postSolution
		{200C2B9B-3A0A-4679-A098-9BBABE50581E}.Debug|Any CPU.ActiveCfg = Debug|Any CPU
		{200C2B9B-3A0A-4679-A098-9BBABE50581E}.Debug|Any CPU.Build.0 = Debug|Any CPU
		{200C2B9B-3A0A-4679-A098-9BBABE50581E}.Debug|x64.ActiveCfg = Debug|x64
		{200C2B9B-3A0A-4679-A098-9BBABE50581E}.Debug|x64.Build.0 = Debug|x64
		{200C2B9B-3A0A-4679-A098-9BBABE50581E}.Debug|x86.ActiveCfg = Debug|x86
		{200C2B9B-3A0A-4679-A098-9BBABE50581E}.Debug|x86.Build.0 = Debug|x86
		{200C2B9B-3A0A-4679-A098-9BBABE50581E}.Release|Any CPU.ActiveCfg = Release|Any CPU
		{200C2B9B-3A0A-4679-A098-9BBABE50581E}.Release|Any CPU.Build.0 = Release|Any CPU
		{200C2B9B-3A0A-4679-A098-9BBABE50581E}.Release|x64.ActiveCfg = Release|x64
		{200C2B9B-3A0A-4679-A098-9BBABE50581E}.Release|x64.Build.0 = Release|x64
		{200C2B9B-3A0A-4679-A098-9BBABE50581E}.Release|x86.ActiveCfg = Release|x86
		{200C2B9B-3A0A-4679-A098-9BBABE50581E}.Release|x86.Build.0 = Release|x86
		{157A675B-F5D7-4DF6-84C9-5072AD65698E}.Debug|Any CPU.ActiveCfg = Debug|Any CPU
		{157A675B-F5D7-4DF6-84C9-5072AD65698E}.Debug|Any CPU.Build.0 = Debug|Any CPU
		{157A675B-F5D7-4DF6-84C9-5072AD65698E}.Debug|x64.ActiveCfg = Debug|Any CPU
		{157A675B-F5D7-4DF6-84C9-5072AD65698E}.Debug|x64.Build.0 = Debug|Any CPU
		{157A675B-F5D7-4DF6-84C9-5072AD65698E}.Debug|x86.ActiveCfg = Debug|Any CPU
		{157A675B-F5D7-4DF6-84C9-5072AD65698E}.Debug|x86.Build.0 = Debug|Any CPU
		{157A675B-F5D7-4DF6-84C9-5072AD65698E}.Release|Any CPU.ActiveCfg = Release|Any CPU
		{157A675B-F5D7-4DF6-84C9-5072AD65698E}.Release|Any CPU.Build.0 = Release|Any CPU
		{157A675B-F5D7-4DF6-84C9-5072AD65698E}.Release|x64.ActiveCfg = Release|Any CPU
		{157A675B-F5D7-4DF6-84C9-5072AD65698E}.Release|x64.Build.0 = Release|Any CPU
		{157A675B-F5D7-4DF6-84C9-5072AD65698E}.Release|x86.ActiveCfg = Release|Any CPU
		{157A675B-F5D7-4DF6-84C9-5072AD65698E}.Release|x86.Build.0 = Release|Any CPU
		{69B362D3-BCBB-4F16-9E07-BC1045FFC229}.Debug|Any CPU.ActiveCfg = Debug|Any CPU
		{69B362D3-BCBB-4F16-9E07-BC1045FFC229}.Debug|Any CPU.Build.0 = Debug|Any CPU
		{69B362D3-BCBB-4F16-9E07-BC1045FFC229}.Debug|x64.ActiveCfg = Debug|x64
		{69B362D3-BCBB-4F16-9E07-BC1045FFC229}.Debug|x64.Build.0 = Debug|x64
		{69B362D3-BCBB-4F16-9E07-BC1045FFC229}.Debug|x86.ActiveCfg = Debug|x86
		{69B362D3-BCBB-4F16-9E07-BC1045FFC229}.Debug|x86.Build.0 = Debug|x86
		{69B362D3-BCBB-4F16-9E07-BC1045FFC229}.Release|Any CPU.ActiveCfg = Release|Any CPU
		{69B362D3-BCBB-4F16-9E07-BC1045FFC229}.Release|Any CPU.Build.0 = Release|Any CPU
		{69B362D3-BCBB-4F16-9E07-BC1045FFC229}.Release|x64.ActiveCfg = Release|x64
		{69B362D3-BCBB-4F16-9E07-BC1045FFC229}.Release|x64.Build.0 = Release|x64
		{69B362D3-BCBB-4F16-9E07-BC1045FFC229}.Release|x86.ActiveCfg = Release|x86
		{69B362D3-BCBB-4F16-9E07-BC1045FFC229}.Release|x86.Build.0 = Release|x86
		{6BEAA0D3-B402-498D-91D7-4BBA9C5D9974}.Debug|Any CPU.ActiveCfg = Debug|Any CPU
		{6BEAA0D3-B402-498D-91D7-4BBA9C5D9974}.Debug|Any CPU.Build.0 = Debug|Any CPU
		{6BEAA0D3-B402-498D-91D7-4BBA9C5D9974}.Debug|x64.ActiveCfg = Debug|x64
		{6BEAA0D3-B402-498D-91D7-4BBA9C5D9974}.Debug|x64.Build.0 = Debug|x64
		{6BEAA0D3-B402-498D-91D7-4BBA9C5D9974}.Debug|x86.ActiveCfg = Debug|x86
		{6BEAA0D3-B402-498D-91D7-4BBA9C5D9974}.Debug|x86.Build.0 = Debug|x86
		{6BEAA0D3-B402-498D-91D7-4BBA9C5D9974}.Release|Any CPU.ActiveCfg = Release|Any CPU
		{6BEAA0D3-B402-498D-91D7-4BBA9C5D9974}.Release|Any CPU.Build.0 = Release|Any CPU
		{6BEAA0D3-B402-498D-91D7-4BBA9C5D9974}.Release|x64.ActiveCfg = Release|x64
		{6BEAA0D3-B402-498D-91D7-4BBA9C5D9974}.Release|x64.Build.0 = Release|x64
		{6BEAA0D3-B402-498D-91D7-4BBA9C5D9974}.Release|x86.ActiveCfg = Release|x86
		{6BEAA0D3-B402-498D-91D7-4BBA9C5D9974}.Release|x86.Build.0 = Release|x86
		{FBA72327-38EB-4A9B-AC3E-64E7ACAE3F47}.Debug|Any CPU.ActiveCfg = Debug|Any CPU
		{FBA72327-38EB-4A9B-AC3E-64E7ACAE3F47}.Debug|Any CPU.Build.0 = Debug|Any CPU
		{FBA72327-38EB-4A9B-AC3E-64E7ACAE3F47}.Debug|x64.ActiveCfg = Debug|x64
		{FBA72327-38EB-4A9B-AC3E-64E7ACAE3F47}.Debug|x64.Build.0 = Debug|x64
		{FBA72327-38EB-4A9B-AC3E-64E7ACAE3F47}.Debug|x86.ActiveCfg = Debug|x86
		{FBA72327-38EB-4A9B-AC3E-64E7ACAE3F47}.Debug|x86.Build.0 = Debug|x86
		{FBA72327-38EB-4A9B-AC3E-64E7ACAE3F47}.Release|Any CPU.ActiveCfg = Release|Any CPU
		{FBA72327-38EB-4A9B-AC3E-64E7ACAE3F47}.Release|Any CPU.Build.0 = Release|Any CPU
		{FBA72327-38EB-4A9B-AC3E-64E7ACAE3F47}.Release|x64.ActiveCfg = Release|x64
		{FBA72327-38EB-4A9B-AC3E-64E7ACAE3F47}.Release|x64.Build.0 = Release|x64
		{FBA72327-38EB-4A9B-AC3E-64E7ACAE3F47}.Release|x86.ActiveCfg = Release|x86
		{FBA72327-38EB-4A9B-AC3E-64E7ACAE3F47}.Release|x86.Build.0 = Release|x86
		{A3D3B1A9-9CA0-4038-9E36-C315005D0A8A}.Debug|Any CPU.ActiveCfg = Debug|Any CPU
		{A3D3B1A9-9CA0-4038-9E36-C315005D0A8A}.Debug|Any CPU.Build.0 = Debug|Any CPU
		{A3D3B1A9-9CA0-4038-9E36-C315005D0A8A}.Debug|x64.ActiveCfg = Debug|Any CPU
		{A3D3B1A9-9CA0-4038-9E36-C315005D0A8A}.Debug|x64.Build.0 = Debug|Any CPU
		{A3D3B1A9-9CA0-4038-9E36-C315005D0A8A}.Debug|x86.ActiveCfg = Debug|Any CPU
		{A3D3B1A9-9CA0-4038-9E36-C315005D0A8A}.Debug|x86.Build.0 = Debug|Any CPU
		{A3D3B1A9-9CA0-4038-9E36-C315005D0A8A}.Release|Any CPU.ActiveCfg = Release|Any CPU
		{A3D3B1A9-9CA0-4038-9E36-C315005D0A8A}.Release|Any CPU.Build.0 = Release|Any CPU
		{A3D3B1A9-9CA0-4038-9E36-C315005D0A8A}.Release|x64.ActiveCfg = Release|Any CPU
		{A3D3B1A9-9CA0-4038-9E36-C315005D0A8A}.Release|x64.Build.0 = Release|Any CPU
		{A3D3B1A9-9CA0-4038-9E36-C315005D0A8A}.Release|x86.ActiveCfg = Release|Any CPU
		{A3D3B1A9-9CA0-4038-9E36-C315005D0A8A}.Release|x86.Build.0 = Release|Any CPU
	EndGlobalSection
	GlobalSection(SolutionProperties) = preSolution
		HideSolutionNode = FALSE
	EndGlobalSection
	GlobalSection(ExtensibilityGlobals) = postSolution
		SolutionGuid = {BAD44107-CC5F-47C7-BE2F-FF44D6E2F6C8}
	EndGlobalSection
EndGlobal
